
Microsoft Visual Studio Solution File, Format Version 12.00
# Visual Studio Version 17
VisualStudioVersion = 17.11.35312.102
MinimumVisualStudioVersion = 10.0.40219.1
Project("{FAE04EC0-301F-11D3-BF4B-00C04F79EFBC}") = "Test", "Test\Test.csproj", "{5CFBA58F-D6C3-4C34-9CCA-2E5C1E71559F}"
EndProject
Global
	GlobalSection(SolutionConfigurationPlatforms) = preSolution
		Debug|Any CPU = Debug|Any CPU
		Release|Any CPU = Release|Any CPU
	EndGlobalSection
	GlobalSection(ProjectConfigurationPlatforms) = postSolution
		{5CFBA58F-D6C3-4C34-9CCA-2E5C1E71559F}.Debug|Any CPU.ActiveCfg = Debug|Any CPU
		{5CFBA58F-D6C3-4C34-9CCA-2E5C1E71559F}.Debug|Any CPU.Build.0 = Debug|Any CPU
		{5CFBA58F-D6C3-4C34-9CCA-2E5C1E71559F}.Release|Any CPU.ActiveCfg = Release|Any CPU
		{5CFBA58F-D6C3-4C34-9CCA-2E5C1E71559F}.Release|Any CPU.Build.0 = Release|Any CPU
	EndGlobalSection
	GlobalSection(SolutionProperties) = preSolution
		HideSolutionNode = FALSE
	EndGlobalSection
	GlobalSection(ExtensibilityGlobals) = postSolution
		SolutionGuid = {367879E5-D9F5-41DA-8A26-9B79F5298F93}
	EndGlobalSection
EndGlobal
