
Microsoft Visual Studio Solution File, Format Version 12.00
# Visual Studio Version 17
VisualStudioVersion = 17.11.35312.102
MinimumVisualStudioVersion = 10.0.40219.1
Project("{FAE04EC0-301F-11D3-BF4B-00C04F79EFBC}") = "Task_1_Processes", "Task_1_Processes\Task_1_Processes.csproj", "{4DABBD4F-FC2C-4399-B588-1A83F96A27CC}"
EndProject
Global
	GlobalSection(SolutionConfigurationPlatforms) = preSolution
		Debug|Any CPU = Debug|Any CPU
		Release|Any CPU = Release|Any CPU
	EndGlobalSection
	GlobalSection(ProjectConfigurationPlatforms) = postSolution
		{4DABBD4F-FC2C-4399-B588-1A83F96A27CC}.Debug|Any CPU.ActiveCfg = Debug|Any CPU
		{4DABBD4F-FC2C-4399-B588-1A83F96A27CC}.Debug|Any CPU.Build.0 = Debug|Any CPU
		{4DABBD4F-FC2C-4399-B588-1A83F96A27CC}.Release|Any CPU.ActiveCfg = Release|Any CPU
		{4DABBD4F-FC2C-4399-B588-1A83F96A27CC}.Release|Any CPU.Build.0 = Release|Any CPU
	EndGlobalSection
	GlobalSection(SolutionProperties) = preSolution
		HideSolutionNode = FALSE
	EndGlobalSection
	GlobalSection(ExtensibilityGlobals) = postSolution
		SolutionGuid = {B83F6534-A91B-4588-9680-529BF80BCF2A}
	EndGlobalSection
EndGlobal
