
Microsoft Visual Studio Solution File, Format Version 12.00
# Visual Studio Version 17
VisualStudioVersion = 17.11.35312.102
MinimumVisualStudioVersion = 10.0.40219.1
Project("{FAE04EC0-301F-11D3-BF4B-00C04F79EFBC}") = "Task_1_MultithreadingAndAsynchrony_WF2", "Task_1_MultithreadingAndAsynchrony_WF2\Task_1_MultithreadingAndAsynchrony_WF2.csproj", "{54641E92-3130-405C-B3B6-1675B0F3D660}"
EndProject
Global
	GlobalSection(SolutionConfigurationPlatforms) = preSolution
		Debug|Any CPU = Debug|Any CPU
		Release|Any CPU = Release|Any CPU
	EndGlobalSection
	GlobalSection(ProjectConfigurationPlatforms) = postSolution
		{54641E92-3130-405C-B3B6-1675B0F3D660}.Debug|Any CPU.ActiveCfg = Debug|Any CPU
		{54641E92-3130-405C-B3B6-1675B0F3D660}.Debug|Any CPU.Build.0 = Debug|Any CPU
		{54641E92-3130-405C-B3B6-1675B0F3D660}.Release|Any CPU.ActiveCfg = Release|Any CPU
		{54641E92-3130-405C-B3B6-1675B0F3D660}.Release|Any CPU.Build.0 = Release|Any CPU
	EndGlobalSection
	GlobalSection(SolutionProperties) = preSolution
		HideSolutionNode = FALSE
	EndGlobalSection
	GlobalSection(ExtensibilityGlobals) = postSolution
		SolutionGuid = {B112EFD5-3A4A-4294-9E89-7B44F8E32FE5}
	EndGlobalSection
EndGlobal
