
Microsoft Visual Studio Solution File, Format Version 12.00
# Visual Studio Version 17
VisualStudioVersion = 17.6.33829.357
MinimumVisualStudioVersion = 10.0.40219.1
Project("{FAE04EC0-301F-11D3-BF4B-00C04F79EFBC}") = "Task_1.1", "Task_1.1\Task_1.1.csproj", "{38819B50-4435-4004-99BF-7D186CFC7940}"
EndProject
Global
	GlobalSection(SolutionConfigurationPlatforms) = preSolution
		Debug|Any CPU = Debug|Any CPU
		Release|Any CPU = Release|Any CPU
	EndGlobalSection
	GlobalSection(ProjectConfigurationPlatforms) = postSolution
		{38819B50-4435-4004-99BF-7D186CFC7940}.Debug|Any CPU.ActiveCfg = Debug|Any CPU
		{38819B50-4435-4004-99BF-7D186CFC7940}.Debug|Any CPU.Build.0 = Debug|Any CPU
		{38819B50-4435-4004-99BF-7D186CFC7940}.Release|Any CPU.ActiveCfg = Release|Any CPU
		{38819B50-4435-4004-99BF-7D186CFC7940}.Release|Any CPU.Build.0 = Release|Any CPU
	EndGlobalSection
	GlobalSection(SolutionProperties) = preSolution
		HideSolutionNode = FALSE
	EndGlobalSection
	GlobalSection(ExtensibilityGlobals) = postSolution
		SolutionGuid = {77E30624-B01C-483C-8A1F-A2B9CA98D4DD}
	EndGlobalSection
EndGlobal
